
Microsoft Visual Studio Solution File, Format Version 12.00
# Visual Studio 15
VisualStudioVersion = 15.0.26206.0
MinimumVisualStudioVersion = 10.0.40219.1
Project("{FAE04EC0-301F-11D3-BF4B-00C04F79EFBC}") = "SortList", "SortList\SortList.csproj", "{AB58A411-DF3E-491F-9238-0DB359373C3C}"
EndProject
Global
	GlobalSection(SolutionConfigurationPlatforms) = preSolution
		Debug|Any CPU = Debug|Any CPU
		Release|Any CPU = Release|Any CPU
	EndGlobalSection
	GlobalSection(ProjectConfigurationPlatforms) = postSolution
		{AB58A411-DF3E-491F-9238-0DB359373C3C}.Debug|Any CPU.ActiveCfg = Debug|Any CPU
		{AB58A411-DF3E-491F-9238-0DB359373C3C}.Debug|Any CPU.Build.0 = Debug|Any CPU
		{AB58A411-DF3E-491F-9238-0DB359373C3C}.Release|Any CPU.ActiveCfg = Release|Any CPU
		{AB58A411-DF3E-491F-9238-0DB359373C3C}.Release|Any CPU.Build.0 = Release|Any CPU
	EndGlobalSection
	GlobalSection(SolutionProperties) = preSolution
		HideSolutionNode = FALSE
	EndGlobalSection
EndGlobal
