
Microsoft Visual Studio Solution File, Format Version 12.00
# Visual Studio 15
VisualStudioVersion = 15.0.26206.0
MinimumVisualStudioVersion = 10.0.40219.1
Project("{FAE04EC0-301F-11D3-BF4B-00C04F79EFBC}") = "StreamWriter FileStream", "StreamWriter FileStream\StreamWriter FileStream.csproj", "{98636AC9-AD37-4EAE-8275-FD0AD975BD6F}"
EndProject
Project("{FAE04EC0-301F-11D3-BF4B-00C04F79EFBC}") = "FileStream StreamReader", "FileStream StreamReader\FileStream StreamReader.csproj", "{C066D70C-5B93-4D90-8DF2-269329CFF831}"
EndProject
Global
	GlobalSection(SolutionConfigurationPlatforms) = preSolution
		Debug|Any CPU = Debug|Any CPU
		Release|Any CPU = Release|Any CPU
	EndGlobalSection
	GlobalSection(ProjectConfigurationPlatforms) = postSolution
		{98636AC9-AD37-4EAE-8275-FD0AD975BD6F}.Debug|Any CPU.ActiveCfg = Debug|Any CPU
		{98636AC9-AD37-4EAE-8275-FD0AD975BD6F}.Debug|Any CPU.Build.0 = Debug|Any CPU
		{98636AC9-AD37-4EAE-8275-FD0AD975BD6F}.Release|Any CPU.ActiveCfg = Release|Any CPU
		{98636AC9-AD37-4EAE-8275-FD0AD975BD6F}.Release|Any CPU.Build.0 = Release|Any CPU
		{C066D70C-5B93-4D90-8DF2-269329CFF831}.Debug|Any CPU.ActiveCfg = Debug|Any CPU
		{C066D70C-5B93-4D90-8DF2-269329CFF831}.Debug|Any CPU.Build.0 = Debug|Any CPU
		{C066D70C-5B93-4D90-8DF2-269329CFF831}.Release|Any CPU.ActiveCfg = Release|Any CPU
		{C066D70C-5B93-4D90-8DF2-269329CFF831}.Release|Any CPU.Build.0 = Release|Any CPU
	EndGlobalSection
	GlobalSection(SolutionProperties) = preSolution
		HideSolutionNode = FALSE
	EndGlobalSection
EndGlobal
