
Microsoft Visual Studio Solution File, Format Version 12.00
# Visual Studio 15
VisualStudioVersion = 15.0.26206.0
MinimumVisualStudioVersion = 10.0.40219.1
Project("{FAE04EC0-301F-11D3-BF4B-00C04F79EFBC}") = "Ex1", "Exam AP\Ex1.csproj", "{FC105449-C72D-4A27-866E-ED4E5B00625B}"
EndProject
Project("{FAE04EC0-301F-11D3-BF4B-00C04F79EFBC}") = "Ex2", "Ex2\Ex2.csproj", "{4CE37D25-51E2-424A-A54F-8F7415875F8D}"
EndProject
Global
	GlobalSection(SolutionConfigurationPlatforms) = preSolution
		Debug|Any CPU = Debug|Any CPU
		Release|Any CPU = Release|Any CPU
	EndGlobalSection
	GlobalSection(ProjectConfigurationPlatforms) = postSolution
		{FC105449-C72D-4A27-866E-ED4E5B00625B}.Debug|Any CPU.ActiveCfg = Debug|Any CPU
		{FC105449-C72D-4A27-866E-ED4E5B00625B}.Debug|Any CPU.Build.0 = Debug|Any CPU
		{FC105449-C72D-4A27-866E-ED4E5B00625B}.Release|Any CPU.ActiveCfg = Release|Any CPU
		{FC105449-C72D-4A27-866E-ED4E5B00625B}.Release|Any CPU.Build.0 = Release|Any CPU
		{4CE37D25-51E2-424A-A54F-8F7415875F8D}.Debug|Any CPU.ActiveCfg = Debug|Any CPU
		{4CE37D25-51E2-424A-A54F-8F7415875F8D}.Debug|Any CPU.Build.0 = Debug|Any CPU
		{4CE37D25-51E2-424A-A54F-8F7415875F8D}.Release|Any CPU.ActiveCfg = Release|Any CPU
		{4CE37D25-51E2-424A-A54F-8F7415875F8D}.Release|Any CPU.Build.0 = Release|Any CPU
	EndGlobalSection
	GlobalSection(SolutionProperties) = preSolution
		HideSolutionNode = FALSE
	EndGlobalSection
EndGlobal
