
Microsoft Visual Studio Solution File, Format Version 9.00
# Visual Studio 2005
Project("{FAE04EC0-301F-11D3-BF4B-00C04F79EFBC}") = "Hospital", "Hospital\Hospital.csproj", "{B83ED077-0292-4178-9DD6-8F6F3095A186}"
EndProject
Global
	GlobalSection(SolutionConfigurationPlatforms) = preSolution
		Debug|Any CPU = Debug|Any CPU
		Release|Any CPU = Release|Any CPU
	EndGlobalSection
	GlobalSection(ProjectConfigurationPlatforms) = postSolution
		{B83ED077-0292-4178-9DD6-8F6F3095A186}.Debug|Any CPU.ActiveCfg = Debug|Any CPU
		{B83ED077-0292-4178-9DD6-8F6F3095A186}.Debug|Any CPU.Build.0 = Debug|Any CPU
		{B83ED077-0292-4178-9DD6-8F6F3095A186}.Release|Any CPU.ActiveCfg = Release|Any CPU
		{B83ED077-0292-4178-9DD6-8F6F3095A186}.Release|Any CPU.Build.0 = Release|Any CPU
	EndGlobalSection
	GlobalSection(SolutionProperties) = preSolution
		HideSolutionNode = FALSE
	EndGlobalSection
EndGlobal
