
Microsoft Visual Studio Solution File, Format Version 12.00
# Visual Studio Express 2012 for Windows Desktop
Project("{FAE04EC0-301F-11D3-BF4B-00C04F79EFBC}") = "EventDemo", "EventDemo\EventDemo.csproj", "{29F5D139-866F-4699-B5EA-4E564CD2460C}"
EndProject
Project("{FAE04EC0-301F-11D3-BF4B-00C04F79EFBC}") = "DemoWinform", "DemoWinform\DemoWinform.csproj", "{1E985D0B-08B4-40A5-8341-6E4961586300}"
EndProject
Global
	GlobalSection(SolutionConfigurationPlatforms) = preSolution
		Debug|Any CPU = Debug|Any CPU
		Release|Any CPU = Release|Any CPU
	EndGlobalSection
	GlobalSection(ProjectConfigurationPlatforms) = postSolution
		{29F5D139-866F-4699-B5EA-4E564CD2460C}.Debug|Any CPU.ActiveCfg = Debug|Any CPU
		{29F5D139-866F-4699-B5EA-4E564CD2460C}.Debug|Any CPU.Build.0 = Debug|Any CPU
		{29F5D139-866F-4699-B5EA-4E564CD2460C}.Release|Any CPU.ActiveCfg = Release|Any CPU
		{29F5D139-866F-4699-B5EA-4E564CD2460C}.Release|Any CPU.Build.0 = Release|Any CPU
		{1E985D0B-08B4-40A5-8341-6E4961586300}.Debug|Any CPU.ActiveCfg = Debug|Any CPU
		{1E985D0B-08B4-40A5-8341-6E4961586300}.Debug|Any CPU.Build.0 = Debug|Any CPU
		{1E985D0B-08B4-40A5-8341-6E4961586300}.Release|Any CPU.ActiveCfg = Release|Any CPU
		{1E985D0B-08B4-40A5-8341-6E4961586300}.Release|Any CPU.Build.0 = Release|Any CPU
	EndGlobalSection
	GlobalSection(SolutionProperties) = preSolution
		HideSolutionNode = FALSE
	EndGlobalSection
EndGlobal
